
Microsoft Visual Studio Solution File, Format Version 12.00
# Visual Studio Version 16
VisualStudioVersion = 16.0.30406.217
MinimumVisualStudioVersion = 10.0.40219.1
Project("{2150E333-8FDC-42A3-9474-1A3956D46DE8}") = "Src", "Src", "{A3A9EDDC-55FD-4CED-AE0F-33B6038DC68C}"
EndProject
Project("{2150E333-8FDC-42A3-9474-1A3956D46DE8}") = "Catalog", "Catalog", "{DEEB4263-909A-4C45-A5A9-ABEC6696474B}"
EndProject
Project("{9A19103F-16F7-4668-BE54-9A1E7A4F7556}") = "Catalog.API", "Catalog.API\Catalog.API.csproj", "{6B0CD9B1-5810-4C12-9BB7-A8D6C642DD6A}"
EndProject
Project("{E53339B2-1760-4266-BCC7-CA923CBCF16C}") = "docker-compose", "docker-compose.dcproj", "{5FB4D197-1392-442E-A39A-CB55A02222C6}"
EndProject
Project("{2150E333-8FDC-42A3-9474-1A3956D46DE8}") = "Basket", "Basket", "{BCACA13E-B753-4AB9-85CC-8D059E2DCEF4}"
EndProject
Project("{9A19103F-16F7-4668-BE54-9A1E7A4F7556}") = "Basket.Api", "Basket\Basket.Api\Basket.Api.csproj", "{A4F53524-68D8-4E07-A2D1-6D2C1C63896C}"
EndProject
Project("{2150E333-8FDC-42A3-9474-1A3956D46DE8}") = "Common", "Common", "{40AE0A17-463B-4080-AE39-C661F9276980}"
EndProject
Project("{FAE04EC0-301F-11D3-BF4B-00C04F79EFBC}") = "EventBusRabbitMQ", "Src\Common\EventBusRabbitMQ\EventBusRabbitMQ.csproj", "{2861FF4A-9F60-4669-8FB1-2FEEA075B0D6}"
EndProject
Project("{2150E333-8FDC-42A3-9474-1A3956D46DE8}") = "Ordering", "Ordering", "{5CB7645F-EB9B-47BB-BEA8-C0C7E2CD5ECF}"
EndProject
Project("{FAE04EC0-301F-11D3-BF4B-00C04F79EFBC}") = "Ordering.Api", "Src\Ordering\Ordering.Api\Ordering.Api.csproj", "{EDCCBD0C-91BA-4E2B-AAFB-1B47B27317C8}"
EndProject
Project("{FAE04EC0-301F-11D3-BF4B-00C04F79EFBC}") = "Ordering.Application", "Src\Ordering\Ordering.Application\Ordering.Application.csproj", "{28E0020C-2EC1-41F4-96B9-8AF47C6831C4}"
EndProject
Project("{FAE04EC0-301F-11D3-BF4B-00C04F79EFBC}") = "Ordering.Core", "Src\Ordering\Ordering.Core\Ordering.Core.csproj", "{B70FDD12-8185-430B-B390-D3EF5AF7FB70}"
EndProject
Project("{FAE04EC0-301F-11D3-BF4B-00C04F79EFBC}") = "Ordering.Infrastructure", "Src\Ordering\Ordering.Infrastructure\Ordering.Infrastructure.csproj", "{6A16A8A2-1236-4131-97AD-32230E1B0386}"
EndProject
Global
	GlobalSection(SolutionConfigurationPlatforms) = preSolution
		Debug|Any CPU = Debug|Any CPU
		Release|Any CPU = Release|Any CPU
	EndGlobalSection
	GlobalSection(ProjectConfigurationPlatforms) = postSolution
		{6B0CD9B1-5810-4C12-9BB7-A8D6C642DD6A}.Debug|Any CPU.ActiveCfg = Debug|Any CPU
		{6B0CD9B1-5810-4C12-9BB7-A8D6C642DD6A}.Debug|Any CPU.Build.0 = Debug|Any CPU
		{6B0CD9B1-5810-4C12-9BB7-A8D6C642DD6A}.Release|Any CPU.ActiveCfg = Release|Any CPU
		{6B0CD9B1-5810-4C12-9BB7-A8D6C642DD6A}.Release|Any CPU.Build.0 = Release|Any CPU
		{5FB4D197-1392-442E-A39A-CB55A02222C6}.Debug|Any CPU.ActiveCfg = Debug|Any CPU
		{5FB4D197-1392-442E-A39A-CB55A02222C6}.Debug|Any CPU.Build.0 = Debug|Any CPU
		{5FB4D197-1392-442E-A39A-CB55A02222C6}.Release|Any CPU.ActiveCfg = Release|Any CPU
		{5FB4D197-1392-442E-A39A-CB55A02222C6}.Release|Any CPU.Build.0 = Release|Any CPU
		{A4F53524-68D8-4E07-A2D1-6D2C1C63896C}.Debug|Any CPU.ActiveCfg = Debug|Any CPU
		{A4F53524-68D8-4E07-A2D1-6D2C1C63896C}.Debug|Any CPU.Build.0 = Debug|Any CPU
		{A4F53524-68D8-4E07-A2D1-6D2C1C63896C}.Release|Any CPU.ActiveCfg = Release|Any CPU
		{A4F53524-68D8-4E07-A2D1-6D2C1C63896C}.Release|Any CPU.Build.0 = Release|Any CPU
		{2861FF4A-9F60-4669-8FB1-2FEEA075B0D6}.Debug|Any CPU.ActiveCfg = Debug|Any CPU
		{2861FF4A-9F60-4669-8FB1-2FEEA075B0D6}.Debug|Any CPU.Build.0 = Debug|Any CPU
		{2861FF4A-9F60-4669-8FB1-2FEEA075B0D6}.Release|Any CPU.ActiveCfg = Release|Any CPU
		{2861FF4A-9F60-4669-8FB1-2FEEA075B0D6}.Release|Any CPU.Build.0 = Release|Any CPU
		{EDCCBD0C-91BA-4E2B-AAFB-1B47B27317C8}.Debug|Any CPU.ActiveCfg = Debug|Any CPU
		{EDCCBD0C-91BA-4E2B-AAFB-1B47B27317C8}.Debug|Any CPU.Build.0 = Debug|Any CPU
		{EDCCBD0C-91BA-4E2B-AAFB-1B47B27317C8}.Release|Any CPU.ActiveCfg = Release|Any CPU
		{EDCCBD0C-91BA-4E2B-AAFB-1B47B27317C8}.Release|Any CPU.Build.0 = Release|Any CPU
		{28E0020C-2EC1-41F4-96B9-8AF47C6831C4}.Debug|Any CPU.ActiveCfg = Debug|Any CPU
		{28E0020C-2EC1-41F4-96B9-8AF47C6831C4}.Debug|Any CPU.Build.0 = Debug|Any CPU
		{28E0020C-2EC1-41F4-96B9-8AF47C6831C4}.Release|Any CPU.ActiveCfg = Release|Any CPU
		{28E0020C-2EC1-41F4-96B9-8AF47C6831C4}.Release|Any CPU.Build.0 = Release|Any CPU
		{B70FDD12-8185-430B-B390-D3EF5AF7FB70}.Debug|Any CPU.ActiveCfg = Debug|Any CPU
		{B70FDD12-8185-430B-B390-D3EF5AF7FB70}.Debug|Any CPU.Build.0 = Debug|Any CPU
		{B70FDD12-8185-430B-B390-D3EF5AF7FB70}.Release|Any CPU.ActiveCfg = Release|Any CPU
		{B70FDD12-8185-430B-B390-D3EF5AF7FB70}.Release|Any CPU.Build.0 = Release|Any CPU
		{6A16A8A2-1236-4131-97AD-32230E1B0386}.Debug|Any CPU.ActiveCfg = Debug|Any CPU
		{6A16A8A2-1236-4131-97AD-32230E1B0386}.Debug|Any CPU.Build.0 = Debug|Any CPU
		{6A16A8A2-1236-4131-97AD-32230E1B0386}.Release|Any CPU.ActiveCfg = Release|Any CPU
		{6A16A8A2-1236-4131-97AD-32230E1B0386}.Release|Any CPU.Build.0 = Release|Any CPU
	EndGlobalSection
	GlobalSection(SolutionProperties) = preSolution
		HideSolutionNode = FALSE
	EndGlobalSection
	GlobalSection(NestedProjects) = preSolution
		{DEEB4263-909A-4C45-A5A9-ABEC6696474B} = {A3A9EDDC-55FD-4CED-AE0F-33B6038DC68C}
		{6B0CD9B1-5810-4C12-9BB7-A8D6C642DD6A} = {DEEB4263-909A-4C45-A5A9-ABEC6696474B}
		{BCACA13E-B753-4AB9-85CC-8D059E2DCEF4} = {A3A9EDDC-55FD-4CED-AE0F-33B6038DC68C}
		{A4F53524-68D8-4E07-A2D1-6D2C1C63896C} = {BCACA13E-B753-4AB9-85CC-8D059E2DCEF4}
		{40AE0A17-463B-4080-AE39-C661F9276980} = {A3A9EDDC-55FD-4CED-AE0F-33B6038DC68C}
		{2861FF4A-9F60-4669-8FB1-2FEEA075B0D6} = {40AE0A17-463B-4080-AE39-C661F9276980}
		{5CB7645F-EB9B-47BB-BEA8-C0C7E2CD5ECF} = {A3A9EDDC-55FD-4CED-AE0F-33B6038DC68C}
		{EDCCBD0C-91BA-4E2B-AAFB-1B47B27317C8} = {5CB7645F-EB9B-47BB-BEA8-C0C7E2CD5ECF}
		{28E0020C-2EC1-41F4-96B9-8AF47C6831C4} = {5CB7645F-EB9B-47BB-BEA8-C0C7E2CD5ECF}
		{B70FDD12-8185-430B-B390-D3EF5AF7FB70} = {5CB7645F-EB9B-47BB-BEA8-C0C7E2CD5ECF}
		{6A16A8A2-1236-4131-97AD-32230E1B0386} = {5CB7645F-EB9B-47BB-BEA8-C0C7E2CD5ECF}
	EndGlobalSection
	GlobalSection(ExtensibilityGlobals) = postSolution
		SolutionGuid = {A1C97709-2ADC-45F7-925F-6BC04CB4AB09}
	EndGlobalSection
EndGlobal
